
Microsoft Visual Studio Solution File, Format Version 12.00
# Visual Studio 14
VisualStudioVersion = 14.0.25420.1
MinimumVisualStudioVersion = 10.0.40219.1
Project("{F2A71F9B-5D33-465A-A702-920D77279786}") = "drey-debug", "drey-debug\drey-debug.fsproj", "{14B670B0-6A30-48B5-838A-CC02F272B6BE}"
EndProject
Project("{F2A71F9B-5D33-465A-A702-920D77279786}") = "fszmq", "..\fszmq\src\fszmq\fszmq.fsproj", "{FDA50C33-B288-4E42-9141-D78BDDEF9466}"
EndProject
Global
	GlobalSection(SolutionConfigurationPlatforms) = preSolution
		Debug|Any CPU = Debug|Any CPU
		Release|Any CPU = Release|Any CPU
	EndGlobalSection
	GlobalSection(ProjectConfigurationPlatforms) = postSolution
		{14B670B0-6A30-48B5-838A-CC02F272B6BE}.Debug|Any CPU.ActiveCfg = Debug|Any CPU
		{14B670B0-6A30-48B5-838A-CC02F272B6BE}.Debug|Any CPU.Build.0 = Debug|Any CPU
		{14B670B0-6A30-48B5-838A-CC02F272B6BE}.Release|Any CPU.ActiveCfg = Release|Any CPU
		{14B670B0-6A30-48B5-838A-CC02F272B6BE}.Release|Any CPU.Build.0 = Release|Any CPU
		{FDA50C33-B288-4E42-9141-D78BDDEF9466}.Debug|Any CPU.ActiveCfg = Debug|Any CPU
		{FDA50C33-B288-4E42-9141-D78BDDEF9466}.Debug|Any CPU.Build.0 = Debug|Any CPU
		{FDA50C33-B288-4E42-9141-D78BDDEF9466}.Release|Any CPU.ActiveCfg = Release|Any CPU
		{FDA50C33-B288-4E42-9141-D78BDDEF9466}.Release|Any CPU.Build.0 = Release|Any CPU
	EndGlobalSection
	GlobalSection(SolutionProperties) = preSolution
		HideSolutionNode = FALSE
	EndGlobalSection
EndGlobal
